
Microsoft Visual Studio Solution File, Format Version 12.00
# Visual Studio Version 16
VisualStudioVersion = 16.0.33130.400
MinimumVisualStudioVersion = 10.0.40219.1
Project("{FAE04EC0-301F-11D3-BF4B-00C04F79EFBC}") = "Task 1", "СМ_7\Task 1.csproj", "{65D270F2-5CA5-41A6-8C66-72ADE697722C}"
EndProject
Project("{FAE04EC0-301F-11D3-BF4B-00C04F79EFBC}") = "Task 2", "Task 2\Task 2.csproj", "{C6419504-B219-4F64-82EE-776589EF15D2}"
EndProject
Global
	GlobalSection(SolutionConfigurationPlatforms) = preSolution
		Debug|Any CPU = Debug|Any CPU
		Release|Any CPU = Release|Any CPU
	EndGlobalSection
	GlobalSection(ProjectConfigurationPlatforms) = postSolution
		{65D270F2-5CA5-41A6-8C66-72ADE697722C}.Debug|Any CPU.ActiveCfg = Debug|Any CPU
		{65D270F2-5CA5-41A6-8C66-72ADE697722C}.Debug|Any CPU.Build.0 = Debug|Any CPU
		{65D270F2-5CA5-41A6-8C66-72ADE697722C}.Release|Any CPU.ActiveCfg = Release|Any CPU
		{65D270F2-5CA5-41A6-8C66-72ADE697722C}.Release|Any CPU.Build.0 = Release|Any CPU
		{C6419504-B219-4F64-82EE-776589EF15D2}.Debug|Any CPU.ActiveCfg = Debug|Any CPU
		{C6419504-B219-4F64-82EE-776589EF15D2}.Debug|Any CPU.Build.0 = Debug|Any CPU
		{C6419504-B219-4F64-82EE-776589EF15D2}.Release|Any CPU.ActiveCfg = Release|Any CPU
		{C6419504-B219-4F64-82EE-776589EF15D2}.Release|Any CPU.Build.0 = Release|Any CPU
	EndGlobalSection
	GlobalSection(SolutionProperties) = preSolution
		HideSolutionNode = FALSE
	EndGlobalSection
	GlobalSection(ExtensibilityGlobals) = postSolution
		SolutionGuid = {944F3273-9A68-4849-A184-1D434EAB6DF7}
	EndGlobalSection
EndGlobal
